
Microsoft Visual Studio Solution File, Format Version 12.00
# Visual Studio 15
VisualStudioVersion = 15.0.28307.168
MinimumVisualStudioVersion = 10.0.40219.1
Project("{FAE04EC0-301F-11D3-BF4B-00C04F79EFBC}") = "bank", "bank\bank.csproj", "{00AC930B-D858-4C33-917D-088014C1DCF7}"
EndProject
Project("{FAE04EC0-301F-11D3-BF4B-00C04F79EFBC}") = "BankTests", "BankTests\BankTests.csproj", "{F5306F9D-EC2D-43BE-A87B-E88F16CA624F}"
EndProject
Global
	GlobalSection(SolutionConfigurationPlatforms) = preSolution
		Debug|Any CPU = Debug|Any CPU
		Release|Any CPU = Release|Any CPU
	EndGlobalSection
	GlobalSection(ProjectConfigurationPlatforms) = postSolution
		{00AC930B-D858-4C33-917D-088014C1DCF7}.Debug|Any CPU.ActiveCfg = Debug|Any CPU
		{00AC930B-D858-4C33-917D-088014C1DCF7}.Debug|Any CPU.Build.0 = Debug|Any CPU
		{00AC930B-D858-4C33-917D-088014C1DCF7}.Release|Any CPU.ActiveCfg = Release|Any CPU
		{00AC930B-D858-4C33-917D-088014C1DCF7}.Release|Any CPU.Build.0 = Release|Any CPU
		{F5306F9D-EC2D-43BE-A87B-E88F16CA624F}.Debug|Any CPU.ActiveCfg = Debug|Any CPU
		{F5306F9D-EC2D-43BE-A87B-E88F16CA624F}.Debug|Any CPU.Build.0 = Debug|Any CPU
		{F5306F9D-EC2D-43BE-A87B-E88F16CA624F}.Release|Any CPU.ActiveCfg = Release|Any CPU
		{F5306F9D-EC2D-43BE-A87B-E88F16CA624F}.Release|Any CPU.Build.0 = Release|Any CPU
	EndGlobalSection
	GlobalSection(SolutionProperties) = preSolution
		HideSolutionNode = FALSE
	EndGlobalSection
	GlobalSection(ExtensibilityGlobals) = postSolution
		SolutionGuid = {BF45389A-242D-40B2-A09C-E033993D0A09}
	EndGlobalSection
EndGlobal
